
Microsoft Visual Studio Solution File, Format Version 12.00
# Visual Studio Version 17
VisualStudioVersion = 17.4.33213.308
MinimumVisualStudioVersion = 10.0.40219.1
Project("{9A19103F-16F7-4668-BE54-9A1E7A4F7556}") = "demo", "demo\demo.csproj", "{223EF38F-7FD3-47C7-8B96-87F6D93A664A}"
EndProject
Project("{FAE04EC0-301F-11D3-BF4B-00C04F79EFBC}") = "01. Train", "01. Train\01. Train.csproj", "{7C12D482-5531-457B-A502-DAD02CBB28DF}"
EndProject
Global
	GlobalSection(SolutionConfigurationPlatforms) = preSolution
		Debug|Any CPU = Debug|Any CPU
		Release|Any CPU = Release|Any CPU
	EndGlobalSection
	GlobalSection(ProjectConfigurationPlatforms) = postSolution
		{223EF38F-7FD3-47C7-8B96-87F6D93A664A}.Debug|Any CPU.ActiveCfg = Debug|Any CPU
		{223EF38F-7FD3-47C7-8B96-87F6D93A664A}.Debug|Any CPU.Build.0 = Debug|Any CPU
		{223EF38F-7FD3-47C7-8B96-87F6D93A664A}.Release|Any CPU.ActiveCfg = Release|Any CPU
		{223EF38F-7FD3-47C7-8B96-87F6D93A664A}.Release|Any CPU.Build.0 = Release|Any CPU
		{7C12D482-5531-457B-A502-DAD02CBB28DF}.Debug|Any CPU.ActiveCfg = Debug|Any CPU
		{7C12D482-5531-457B-A502-DAD02CBB28DF}.Debug|Any CPU.Build.0 = Debug|Any CPU
		{7C12D482-5531-457B-A502-DAD02CBB28DF}.Release|Any CPU.ActiveCfg = Release|Any CPU
		{7C12D482-5531-457B-A502-DAD02CBB28DF}.Release|Any CPU.Build.0 = Release|Any CPU
	EndGlobalSection
	GlobalSection(SolutionProperties) = preSolution
		HideSolutionNode = FALSE
	EndGlobalSection
	GlobalSection(ExtensibilityGlobals) = postSolution
		SolutionGuid = {6660C4F0-80BA-4CBB-9A7B-2B0EB148F10D}
	EndGlobalSection
EndGlobal
